# THIS IS AN AUTOGENERATED FILE. DO NOT EDIT THIS FILE DIRECTLY.
# yarn lockfile v1


"ansi-styles@^3.2.1":
  "integrity" "sha512-VT0ZI6kZRdTh8YyJw3SMbYm/u+NqfsAxEpWO0Pf9sq8/e94WxxOpPKx9FR1FlyCtOVDNOQ+8ntlqFxiRc+r5qA=="
  "resolved" "https://registry.yarnpkg.com/ansi-styles/-/ansi-styles-3.2.1.tgz"
  "version" "3.2.1"
  dependencies:
    "color-convert" "^1.9.0"

"async@0.9.x":
  "integrity" "sha1-rqdNXmHB+JlhO/ZL2mbUx48v0X0="
  "resolved" "https://registry.yarnpkg.com/async/-/async-0.9.2.tgz"
  "version" "0.9.2"

"axios@^0.21.1":
  "integrity" "sha512-dKQiRHxGD9PPRIUNIWvZhPTPpl1rf/OxTYKsqKUDjBwYylTvV7SjSHJb9ratfyzM6wCdLCOYLzs73qpg5c4iGA=="
  "resolved" "https://registry.yarnpkg.com/axios/-/axios-0.21.1.tgz"
  "version" "0.21.1"
  dependencies:
    "follow-redirects" "^1.10.0"

"balanced-match@^1.0.0":
  "integrity" "sha1-ibTRmasr7kneFk6gK4nORi1xt2c="
  "resolved" "https://registry.yarnpkg.com/balanced-match/-/balanced-match-1.0.0.tgz"
  "version" "1.0.0"

"base64-js@^1.3.1":
  "version" "1.5.1"

"bl@^1.0.0":
  "version" "1.2.3"
  dependencies:
    "readable-stream" "^2.3.5"
    "safe-buffer" "^5.1.1"

"boolbase@^1.0.0":
  "integrity" "sha1-aN/1++YMUes3cl6p4+0xDcwed24="
  "resolved" "https://registry.yarnpkg.com/boolbase/-/boolbase-1.0.0.tgz"
  "version" "1.0.0"

"brace-expansion@^1.1.7":
  "integrity" "sha512-iCuPHDFgrHX7H2vEI/5xpz07zSHB00TpugqhmYtVmMO6518mCuRMoOYFldEBl0g187ufozdaHgWKcYFb61qGiA=="
  "resolved" "https://registry.yarnpkg.com/brace-expansion/-/brace-expansion-1.1.11.tgz"
  "version" "1.1.11"
  dependencies:
    "balanced-match" "^1.0.0"
    "concat-map" "0.0.1"

"buffer-alloc-unsafe@^1.1.0":
  "version" "1.1.0"

"buffer-alloc@^1.2.0":
  "version" "1.2.0"
  dependencies:
    "buffer-alloc-unsafe" "^1.1.0"
    "buffer-fill" "^1.0.0"

"buffer-crc32@~0.2.3":
  "version" "0.2.13"

"buffer-fill@^1.0.0":
  "version" "1.0.0"

"buffer@^5.2.1":
  "version" "5.7.1"
  dependencies:
    "base64-js" "^1.3.1"
    "ieee754" "^1.1.13"

"capture-stack-trace@^1.0.0":
  "version" "1.0.1"

"caw@^2.0.0":
  "version" "2.0.1"
  dependencies:
    "get-proxy" "^2.0.0"
    "isurl" "^1.0.0-alpha5"
    "tunnel-agent" "^0.6.0"
    "url-to-options" "^1.0.1"

"chalk@^2.4.2":
  "integrity" "sha512-Mti+f9lpJNcwF4tWV8/OrTTtF1gZi+f8FqlyAdouralcFWFQWF2+NgCHShjkCb+IFBLq9buZwE1xckQU4peSuQ=="
  "resolved" "https://registry.yarnpkg.com/chalk/-/chalk-2.4.2.tgz"
  "version" "2.4.2"
  dependencies:
    "ansi-styles" "^3.2.1"
    "escape-string-regexp" "^1.0.5"
    "supports-color" "^5.3.0"

"cheerio-select-tmp@^0.1.0":
  "integrity" "sha512-YYs5JvbpU19VYJyj+F7oYrIE2BOll1/hRU7rEy/5+v9BzkSo3bK81iAeeQEMI92vRIxz677m72UmJUiVwwgjfQ=="
  "resolved" "https://registry.yarnpkg.com/cheerio-select-tmp/-/cheerio-select-tmp-0.1.1.tgz"
  "version" "0.1.1"
  dependencies:
    "css-select" "^3.1.2"
    "css-what" "^4.0.0"
    "domelementtype" "^2.1.0"
    "domhandler" "^4.0.0"
    "domutils" "^2.4.4"

"cheerio@^1.0.0-rc.5":
  "integrity" "sha512-yoqps/VCaZgN4pfXtenwHROTp8NG6/Hlt4Jpz2FEP0ZJQ+ZUkVDd0hAPDNKhj3nakpfPt/CNs57yEtxD1bXQiw=="
  "resolved" "https://registry.yarnpkg.com/cheerio/-/cheerio-1.0.0-rc.5.tgz"
  "version" "1.0.0-rc.5"
  dependencies:
    "cheerio-select-tmp" "^0.1.0"
    "dom-serializer" "~1.2.0"
    "domhandler" "^4.0.0"
    "entities" "~2.1.0"
    "htmlparser2" "^6.0.0"
    "parse5" "^6.0.0"
    "parse5-htmlparser2-tree-adapter" "^6.0.0"

"color-convert@^1.9.0":
  "integrity" "sha512-QfAUtd+vFdAtFQcC8CCyYt1fYWxSqAiK2cSD6zDB8N3cpsEBAvRxp9zOGg6G/SHHJYAT88/az/IuDGALsNVbGg=="
  "resolved" "https://registry.yarnpkg.com/color-convert/-/color-convert-1.9.3.tgz"
  "version" "1.9.3"
  dependencies:
    "color-name" "1.1.3"

"color-name@1.1.3":
  "integrity" "sha1-p9BVi9icQveV3UIyj3QIMcpTvCU="
  "resolved" "https://registry.yarnpkg.com/color-name/-/color-name-1.1.3.tgz"
  "version" "1.1.3"

"commander@^2.8.1":
  "version" "2.20.3"

"concat-map@0.0.1":
  "integrity" "sha1-2Klr13/Wjfd5OnMDajug1UBdR3s="
  "resolved" "https://registry.yarnpkg.com/concat-map/-/concat-map-0.0.1.tgz"
  "version" "0.0.1"

"config-chain@^1.1.11":
  "version" "1.1.12"
  dependencies:
    "ini" "^1.3.4"
    "proto-list" "~1.2.1"

"core-util-is@~1.0.0":
  "integrity" "sha1-tf1UIgqivFq1eqtxQMlAdUUDwac="
  "resolved" "https://registry.yarnpkg.com/core-util-is/-/core-util-is-1.0.2.tgz"
  "version" "1.0.2"

"create-error-class@^3.0.0":
  "version" "3.0.2"
  dependencies:
    "capture-stack-trace" "^1.0.0"

"css-select@^3.1.2":
  "integrity" "sha512-qmss1EihSuBNWNNhHjxzxSfJoFBM/lERB/Q4EnsJQQC62R2evJDW481091oAdOr9uh46/0n4nrg0It5cAnj1RA=="
  "resolved" "https://registry.yarnpkg.com/css-select/-/css-select-3.1.2.tgz"
  "version" "3.1.2"
  dependencies:
    "boolbase" "^1.0.0"
    "css-what" "^4.0.0"
    "domhandler" "^4.0.0"
    "domutils" "^2.4.3"
    "nth-check" "^2.0.0"

"css-what@^4.0.0":
  "integrity" "sha512-teijzG7kwYfNVsUh2H/YN62xW3KK9YhXEgSlbxMlcyjPNvdKJqFx5lrwlJgoFP1ZHlB89iGDlo/JyshKeRhv5A=="
  "resolved" "https://registry.yarnpkg.com/css-what/-/css-what-4.0.0.tgz"
  "version" "4.0.0"

"decompress-tar@^4.0.0", "decompress-tar@^4.1.0", "decompress-tar@^4.1.1":
  "version" "4.1.1"
  dependencies:
    "file-type" "^5.2.0"
    "is-stream" "^1.1.0"
    "tar-stream" "^1.5.2"

"decompress-tarbz2@^4.0.0":
  "version" "4.1.1"
  dependencies:
    "decompress-tar" "^4.1.0"
    "file-type" "^6.1.0"
    "is-stream" "^1.1.0"
    "seek-bzip" "^1.0.5"
    "unbzip2-stream" "^1.0.9"

"decompress-targz@^4.0.0":
  "version" "4.1.1"
  dependencies:
    "decompress-tar" "^4.1.1"
    "file-type" "^5.2.0"
    "is-stream" "^1.1.0"

"decompress-unzip@^4.0.1":
  "version" "4.0.1"
  dependencies:
    "file-type" "^3.8.0"
    "get-stream" "^2.2.0"
    "pify" "^2.3.0"
    "yauzl" "^2.4.2"

"decompress@^4.0.0":
  "version" "4.2.1"
  dependencies:
    "decompress-tar" "^4.0.0"
    "decompress-tarbz2" "^4.0.0"
    "decompress-targz" "^4.0.0"
    "decompress-unzip" "^4.0.1"
    "graceful-fs" "^4.1.10"
    "make-dir" "^1.0.0"
    "pify" "^2.3.0"
    "strip-dirs" "^2.0.0"

"dom-serializer@^1.0.1", "dom-serializer@~1.2.0":
  "integrity" "sha512-n6kZFH/KlCrqs/1GHMOd5i2fd/beQHuehKdWvNNffbGHTr/almdhuVvTVFb3V7fglz+nC50fFusu3lY33h12pA=="
  "resolved" "https://registry.yarnpkg.com/dom-serializer/-/dom-serializer-1.2.0.tgz"
  "version" "1.2.0"
  dependencies:
    "domelementtype" "^2.0.1"
    "domhandler" "^4.0.0"
    "entities" "^2.0.0"

"domelementtype@^2.0.1", "domelementtype@^2.1.0":
  "integrity" "sha512-LsTgx/L5VpD+Q8lmsXSHW2WpA+eBlZ9HPf3erD1IoPF00/3JKHZ3BknUVA2QGDNu69ZNmyFmCWBSO45XjYKC5w=="
  "resolved" "https://registry.yarnpkg.com/domelementtype/-/domelementtype-2.1.0.tgz"
  "version" "2.1.0"

"domhandler@^4.0.0":
  "integrity" "sha512-KPTbnGQ1JeEMQyO1iYXoagsI6so/C96HZiFyByU3T6iAzpXn8EGEvct6unm1ZGoed8ByO2oirxgwxBmqKF9haA=="
  "resolved" "https://registry.yarnpkg.com/domhandler/-/domhandler-4.0.0.tgz"
  "version" "4.0.0"
  dependencies:
    "domelementtype" "^2.1.0"

"domutils@^2.4.3", "domutils@^2.4.4":
  "integrity" "sha512-jBC0vOsECI4OMdD0GC9mGn7NXPLb+Qt6KW1YDQzeQYRUFKmNG8lh7mO5HiELfr+lLQE7loDVI4QcAxV80HS+RA=="
  "resolved" "https://registry.yarnpkg.com/domutils/-/domutils-2.4.4.tgz"
  "version" "2.4.4"
  dependencies:
    "dom-serializer" "^1.0.1"
    "domelementtype" "^2.0.1"
    "domhandler" "^4.0.0"

"download@^5.0.2":
  "version" "5.0.3"
  dependencies:
    "caw" "^2.0.0"
    "decompress" "^4.0.0"
    "filenamify" "^2.0.0"
    "get-stream" "^3.0.0"
    "got" "^6.3.0"
    "mkdirp" "^0.5.1"
    "pify" "^2.3.0"

"duplexer3@^0.1.4":
  "version" "0.1.4"

"ejs@^3.1.3":
  "integrity" "sha512-9lt9Zse4hPucPkoP7FHDF0LQAlGyF9JVpnClFLFH3aSSbxmyoqINRpp/9wePWJTUl4KOQwRL72Iw3InHPDkoGw=="
  "resolved" "https://registry.yarnpkg.com/ejs/-/ejs-3.1.6.tgz"
  "version" "3.1.6"
  dependencies:
    "jake" "^10.6.1"

"end-of-stream@^1.0.0":
  "version" "1.4.4"
  dependencies:
    "once" "^1.4.0"

"entities@^2.0.0":
  "integrity" "sha512-p92if5Nz619I0w+akJrLZH0MX0Pb5DX39XOwQTtXSdQQOaYH03S1uIQp4mhOZtAXrxq4ViO67YTiLBo2638o9A=="
  "resolved" "https://registry.yarnpkg.com/entities/-/entities-2.2.0.tgz"
  "version" "2.2.0"

"entities@~2.1.0":
  "integrity" "sha512-hCx1oky9PFrJ611mf0ifBLBRW8lUUVRlFolb5gWRfIELabBlbp9xZvrqZLZAs+NxFnbfQoeGd8wDkygjg7U85w=="
  "resolved" "https://registry.yarnpkg.com/entities/-/entities-2.1.0.tgz"
  "version" "2.1.0"

"escape-string-regexp@^1.0.2", "escape-string-regexp@^1.0.5":
  "integrity" "sha1-G2HAViGQqN/2rjuyzwIAyhMLhtQ="
  "resolved" "https://registry.yarnpkg.com/escape-string-regexp/-/escape-string-regexp-1.0.5.tgz"
  "version" "1.0.5"

"fd-slicer@~1.1.0":
  "version" "1.1.0"
  dependencies:
    "pend" "~1.2.0"

"file-type@^3.8.0":
  "version" "3.9.0"

"file-type@^5.2.0":
  "version" "5.2.0"

"file-type@^6.1.0":
  "version" "6.2.0"

"filelist@^1.0.1":
  "integrity" "sha512-z7O0IS8Plc39rTCq6i6iHxk43duYOn8uFJiWSewIq0Bww1RNybVHSCjahmcC87ZqAm4OTvFzlzeGu3XAzG1ctQ=="
  "resolved" "https://registry.yarnpkg.com/filelist/-/filelist-1.0.2.tgz"
  "version" "1.0.2"
  dependencies:
    "minimatch" "^3.0.4"

"filename-reserved-regex@^2.0.0":
  "version" "2.0.0"

"filenamify@^2.0.0":
  "version" "2.1.0"
  dependencies:
    "filename-reserved-regex" "^2.0.0"
    "strip-outer" "^1.0.0"
    "trim-repeated" "^1.0.0"

"follow-redirects@^1.10.0":
  "integrity" "sha512-6mPTgLxYm3r6Bkkg0vNM0HTjfGrOEtsfbhagQvbxDEsEkpNhw582upBaoRZylzen6krEmxXJgt9Ju6HiI4O7BA=="
  "resolved" "https://registry.yarnpkg.com/follow-redirects/-/follow-redirects-1.13.2.tgz"
  "version" "1.13.2"

"fs-constants@^1.0.0":
  "version" "1.0.0"

"fs.realpath@^1.0.0":
  "version" "1.0.0"

"fs@^0.0.1-security":
  "integrity" "sha1-invTcYa23d84E/I4WLV+yq9eQdQ="
  "resolved" "https://registry.npmjs.org/fs/-/fs-0.0.1-security.tgz"
  "version" "0.0.1-security"

"get-proxy@^2.0.0":
  "version" "2.1.0"
  dependencies:
    "npm-conf" "^1.1.0"

"get-stream@^2.2.0":
  "version" "2.3.1"
  dependencies:
    "object-assign" "^4.0.1"
    "pinkie-promise" "^2.0.0"

"get-stream@^3.0.0":
  "version" "3.0.0"

"glob@^7.1.3":
  "version" "7.1.6"
  dependencies:
    "fs.realpath" "^1.0.0"
    "inflight" "^1.0.4"
    "inherits" "2"
    "minimatch" "^3.0.4"
    "once" "^1.3.0"
    "path-is-absolute" "^1.0.0"

"got@^6.3.0":
  "version" "6.7.1"
  dependencies:
    "create-error-class" "^3.0.0"
    "duplexer3" "^0.1.4"
    "get-stream" "^3.0.0"
    "is-redirect" "^1.0.0"
    "is-retry-allowed" "^1.0.0"
    "is-stream" "^1.0.0"
    "lowercase-keys" "^1.0.0"
    "safe-buffer" "^5.0.1"
    "timed-out" "^4.0.0"
    "unzip-response" "^2.0.1"
    "url-parse-lax" "^1.0.0"

"graceful-fs@^4.1.10":
  "version" "4.2.6"

"has-flag@^3.0.0":
  "integrity" "sha1-tdRU3CGZriJWmfNGfloH87lVuv0="
  "resolved" "https://registry.yarnpkg.com/has-flag/-/has-flag-3.0.0.tgz"
  "version" "3.0.0"

"has-symbol-support-x@^1.4.1":
  "version" "1.4.2"

"has-to-string-tag-x@^1.2.0":
  "version" "1.4.1"
  dependencies:
    "has-symbol-support-x" "^1.4.1"

"htmlparser2@^6.0.0":
  "integrity" "sha512-numTQtDZMoh78zJpaNdJ9MXb2cv5G3jwUoe3dMQODubZvLoGvTE/Ofp6sHvH8OGKcN/8A47pGLi/k58xHP/Tfw=="
  "resolved" "https://registry.yarnpkg.com/htmlparser2/-/htmlparser2-6.0.0.tgz"
  "version" "6.0.0"
  dependencies:
    "domelementtype" "^2.0.1"
    "domhandler" "^4.0.0"
    "domutils" "^2.4.4"
    "entities" "^2.0.0"

"ieee754@^1.1.13":
  "version" "1.2.1"

"immediate@~3.0.5":
  "integrity" "sha1-nbHb0Pr43m++D13V5Wu2BigN5ps="
  "resolved" "https://registry.yarnpkg.com/immediate/-/immediate-3.0.6.tgz"
  "version" "3.0.6"

"inflight@^1.0.4":
  "version" "1.0.6"
  dependencies:
    "once" "^1.3.0"
    "wrappy" "1"

"inherits@~2.0.3", "inherits@2":
  "integrity" "sha512-k/vGaX4/Yla3WzyMCvTQOXYeIHvqOKtnqBduzTHpzpQZzAskKMhZ2K+EnBiSM9zGSoIFeMpXKxa4dYeZIQqewQ=="
  "resolved" "https://registry.yarnpkg.com/inherits/-/inherits-2.0.4.tgz"
  "version" "2.0.4"

"ini@^1.3.4":
  "version" "1.3.8"

"is-natural-number@^4.0.1":
  "version" "4.0.1"

"is-object@^1.0.1":
  "version" "1.0.2"

"is-redirect@^1.0.0":
  "version" "1.0.0"

"is-retry-allowed@^1.0.0":
  "version" "1.2.0"

"is-stream@^1.0.0", "is-stream@^1.1.0":
  "version" "1.1.0"

"isarray@~1.0.0":
  "integrity" "sha1-u5NdSFgsuhaMBoNJV6VKPgcSTxE="
  "resolved" "https://registry.yarnpkg.com/isarray/-/isarray-1.0.0.tgz"
  "version" "1.0.0"

"isurl@^1.0.0-alpha5":
  "version" "1.0.0"
  dependencies:
    "has-to-string-tag-x" "^1.2.0"
    "is-object" "^1.0.1"

"jake@^10.6.1":
  "integrity" "sha512-eLpKyrfG3mzvGE2Du8VoPbeSkRry093+tyNjdYaBbJS9v17knImYGNXQCUV0gLxQtF82m3E8iRb/wdSQZLoq7A=="
  "resolved" "https://registry.yarnpkg.com/jake/-/jake-10.8.2.tgz"
  "version" "10.8.2"
  dependencies:
    "async" "0.9.x"
    "chalk" "^2.4.2"
    "filelist" "^1.0.1"
    "minimatch" "^3.0.4"

"jszip@^3.5.0":
  "integrity" "sha512-jgnQoG9LKnWO3mnVNBnfhkh0QknICd1FGSrXcgrl67zioyJ4wgx25o9ZqwNtrROSflGBCGYnJfjrIyRIby1OoQ=="
  "resolved" "https://registry.yarnpkg.com/jszip/-/jszip-3.6.0.tgz"
  "version" "3.6.0"
  dependencies:
    "lie" "~3.3.0"
    "pako" "~1.0.2"
    "readable-stream" "~2.3.6"
    "set-immediate-shim" "~1.0.1"

"kindlegen@^1.1.0":
  "version" "1.1.0"
  dependencies:
    "download" "^5.0.2"
    "temp" "^0.8.3"

"lie@~3.3.0":
  "integrity" "sha512-UaiMJzeWRlEujzAuw5LokY1L5ecNQYZKfmyZ9L7wDHb/p5etKaxXhohBcrw0EYby+G/NA52vRSN4N39dxHAIwQ=="
  "resolved" "https://registry.yarnpkg.com/lie/-/lie-3.3.0.tgz"
  "version" "3.3.0"
  dependencies:
    "immediate" "~3.0.5"

"lodash@^4.17.21":
  "integrity" "sha512-v2kDEe57lecTulaDIuNTPy3Ry4gLGJ6Z1O3vE1krgXZNrsQ+LFTGHVxVjcXPs17LhbZVGedAJv8XZ1tvj5FvSg=="
  "resolved" "https://registry.yarnpkg.com/lodash/-/lodash-4.17.21.tgz"
  "version" "4.17.21"

"lowercase-keys@^1.0.0":
  "version" "1.0.1"

"make-dir@^1.0.0":
  "version" "1.3.0"
  dependencies:
    "pify" "^3.0.0"

"minimatch@^3.0.4":
  "integrity" "sha512-yJHVQEhyqPLUTgt9B83PXu6W3rx4MvvHvSUvToogpwoGDOUQ+yDrR0HRot+yOCdCO7u4hX3pWft6kWBBcqh0UA=="
  "resolved" "https://registry.yarnpkg.com/minimatch/-/minimatch-3.0.4.tgz"
  "version" "3.0.4"
  dependencies:
    "brace-expansion" "^1.1.7"

"minimist@^1.2.5":
  "version" "1.2.5"

"mkdirp@^0.5.1":
  "version" "0.5.5"
  dependencies:
    "minimist" "^1.2.5"

"npm-conf@^1.1.0":
  "version" "1.1.3"
  dependencies:
    "config-chain" "^1.1.11"
    "pify" "^3.0.0"

"nth-check@^2.0.0":
  "integrity" "sha512-i4sc/Kj8htBrAiH1viZ0TgU8Y5XqCaV/FziYK6TBczxmeKm3AEFWqqF3195yKudrarqy7Zu80Ra5dobFjn9X/Q=="
  "resolved" "https://registry.yarnpkg.com/nth-check/-/nth-check-2.0.0.tgz"
  "version" "2.0.0"
  dependencies:
    "boolbase" "^1.0.0"

"object-assign@^4.0.1":
  "version" "4.1.1"

"omnia-ebook-generator@^0.2.1":
  "integrity" "sha512-MR9vMLAmjhsHrpT1Aghpa8zzoj9vZlY/l+zBRK3cjkMs3GbW+nRaR+QmRik4UthAQ8LCjnHOMZ0kqAIScI+Unw=="
  "resolved" "https://registry.yarnpkg.com/omnia-ebook-generator/-/omnia-ebook-generator-0.2.1.tgz"
  "version" "0.2.1"
  dependencies:
    "ejs" "^3.1.3"
    "jszip" "^3.5.0"
    "uuid" "^8.3.0"

"once@^1.3.0", "once@^1.4.0":
  "version" "1.4.0"
  dependencies:
    "wrappy" "1"

"pako@~1.0.2":
  "integrity" "sha512-4hLB8Py4zZce5s4yd9XzopqwVv/yGNhV1Bl8NTmCq1763HeK2+EwVTv+leGeL13Dnh2wfbqowVPXCIO0z4taYw=="
  "resolved" "https://registry.yarnpkg.com/pako/-/pako-1.0.11.tgz"
  "version" "1.0.11"

"parse5-htmlparser2-tree-adapter@^6.0.0":
  "integrity" "sha512-qPuWvbLgvDGilKc5BoicRovlT4MtYT6JfJyBOMDsKoiT+GiuP5qyrPCnR9HcPECIJJmZh5jRndyNThnhhb/vlA=="
  "resolved" "https://registry.yarnpkg.com/parse5-htmlparser2-tree-adapter/-/parse5-htmlparser2-tree-adapter-6.0.1.tgz"
  "version" "6.0.1"
  dependencies:
    "parse5" "^6.0.1"

"parse5@^6.0.0", "parse5@^6.0.1":
  "integrity" "sha512-Ofn/CTFzRGTTxwpNEs9PP93gXShHcTq255nzRYSKe8AkVpZY7e1fpmTfOyoIvjP5HG7Z2ZM7VS9PPhQGW2pOpw=="
  "resolved" "https://registry.yarnpkg.com/parse5/-/parse5-6.0.1.tgz"
  "version" "6.0.1"

"path-is-absolute@^1.0.0":
  "version" "1.0.1"

"pend@~1.2.0":
  "version" "1.2.0"

"pify@^2.3.0":
  "version" "2.3.0"

"pify@^3.0.0":
  "version" "3.0.0"

"pinkie-promise@^2.0.0":
  "version" "2.0.1"
  dependencies:
    "pinkie" "^2.0.0"

"pinkie@^2.0.0":
  "version" "2.0.4"

"prepend-http@^1.0.1":
  "version" "1.0.4"

"process-nextick-args@~2.0.0":
  "integrity" "sha512-3ouUOpQhtgrbOa17J7+uxOTpITYWaGP7/AhoR3+A+/1e9skrzelGi/dXzEYyvbxubEF6Wn2ypscTKiKJFFn1ag=="
  "resolved" "https://registry.yarnpkg.com/process-nextick-args/-/process-nextick-args-2.0.1.tgz"
  "version" "2.0.1"

"proto-list@~1.2.1":
  "version" "1.2.4"

"readable-stream@^2.3.0", "readable-stream@^2.3.5", "readable-stream@~2.3.6":
  "integrity" "sha512-Ebho8K4jIbHAxnuxi7o42OrZgF/ZTNcsZj6nRKyUmkhLFq8CHItp/fy6hQZuZmP/n3yZ9VBUbp4zz/mX8hmYPw=="
  "resolved" "https://registry.yarnpkg.com/readable-stream/-/readable-stream-2.3.7.tgz"
  "version" "2.3.7"
  dependencies:
    "core-util-is" "~1.0.0"
    "inherits" "~2.0.3"
    "isarray" "~1.0.0"
    "process-nextick-args" "~2.0.0"
    "safe-buffer" "~5.1.1"
    "string_decoder" "~1.1.1"
    "util-deprecate" "~1.0.1"

"rimraf@~2.6.2":
  "version" "2.6.3"
  dependencies:
    "glob" "^7.1.3"

"safe-buffer@^5.0.1", "safe-buffer@^5.1.1":
  "version" "5.2.1"

"safe-buffer@~5.1.0":
  "integrity" "sha512-Gd2UZBJDkXlY7GbJxfsE8/nvKkUEU1G38c1siN6QP6a9PT9MmHB8GnpscSmMJSoF8LOIrt8ud/wPtojys4G6+g=="
  "resolved" "https://registry.yarnpkg.com/safe-buffer/-/safe-buffer-5.1.2.tgz"
  "version" "5.1.2"

"safe-buffer@~5.1.1":
  "integrity" "sha512-Gd2UZBJDkXlY7GbJxfsE8/nvKkUEU1G38c1siN6QP6a9PT9MmHB8GnpscSmMJSoF8LOIrt8ud/wPtojys4G6+g=="
  "resolved" "https://registry.yarnpkg.com/safe-buffer/-/safe-buffer-5.1.2.tgz"
  "version" "5.1.2"

"seek-bzip@^1.0.5":
  "version" "1.0.6"
  dependencies:
    "commander" "^2.8.1"

"set-immediate-shim@~1.0.1":
  "integrity" "sha1-SysbJ+uAip+NzEgaWOXlb1mfP2E="
  "resolved" "https://registry.yarnpkg.com/set-immediate-shim/-/set-immediate-shim-1.0.1.tgz"
  "version" "1.0.1"

"string_decoder@~1.1.1":
  "integrity" "sha512-n/ShnvDi6FHbbVfviro+WojiFzv+s8MPMHBczVePfUpDJLwoLT0ht1l4YwBCbi8pJAveEEdnkHyPyTP/mzRfwg=="
  "resolved" "https://registry.yarnpkg.com/string_decoder/-/string_decoder-1.1.1.tgz"
  "version" "1.1.1"
  dependencies:
    "safe-buffer" "~5.1.0"

"strip-dirs@^2.0.0":
  "version" "2.1.0"
  dependencies:
    "is-natural-number" "^4.0.1"

"strip-outer@^1.0.0":
  "version" "1.0.1"
  dependencies:
    "escape-string-regexp" "^1.0.2"

"supports-color@^5.3.0":
  "integrity" "sha512-QjVjwdXIt408MIiAqCX4oUKsgU2EqAGzs2Ppkm4aQYbjm+ZEWEcW4SfFNTr4uMNZma0ey4f5lgLrkB0aX0QMow=="
  "resolved" "https://registry.yarnpkg.com/supports-color/-/supports-color-5.5.0.tgz"
  "version" "5.5.0"
  dependencies:
    "has-flag" "^3.0.0"

"tar-stream@^1.5.2":
  "version" "1.6.2"
  dependencies:
    "bl" "^1.0.0"
    "buffer-alloc" "^1.2.0"
    "end-of-stream" "^1.0.0"
    "fs-constants" "^1.0.0"
    "readable-stream" "^2.3.0"
    "to-buffer" "^1.1.1"
    "xtend" "^4.0.0"

"temp@^0.8.3":
  "version" "0.8.4"
  dependencies:
    "rimraf" "~2.6.2"

"through@^2.3.8":
  "version" "2.3.8"

"timed-out@^4.0.0":
  "version" "4.0.1"

"to-buffer@^1.1.1":
  "version" "1.1.1"

"trim-repeated@^1.0.0":
  "version" "1.0.0"
  dependencies:
    "escape-string-regexp" "^1.0.2"

"tunnel-agent@^0.6.0":
  "version" "0.6.0"
  dependencies:
    "safe-buffer" "^5.0.1"

"unbzip2-stream@^1.0.9":
  "version" "1.4.3"
  dependencies:
    "buffer" "^5.2.1"
    "through" "^2.3.8"

"unzip-response@^2.0.1":
  "version" "2.0.1"

"url-parse-lax@^1.0.0":
  "version" "1.0.0"
  dependencies:
    "prepend-http" "^1.0.1"

"url-to-options@^1.0.1":
  "version" "1.0.1"

"util-deprecate@~1.0.1":
  "integrity" "sha1-RQ1Nyfpw3nMnYvvS1KKJgUGaDM8="
  "resolved" "https://registry.yarnpkg.com/util-deprecate/-/util-deprecate-1.0.2.tgz"
  "version" "1.0.2"

"uuid@^8.3.0":
  "integrity" "sha512-+NYs2QeMWy+GWFOEm9xnn6HCDp0l7QBD7ml8zLUmJ+93Q5NF0NocErnwkTkXVFNiX3/fpC6afS8Dhb/gz7R7eg=="
  "resolved" "https://registry.yarnpkg.com/uuid/-/uuid-8.3.2.tgz"
  "version" "8.3.2"

"wrappy@1":
  "version" "1.0.2"

"xtend@^4.0.0":
  "version" "4.0.2"

"yauzl@^2.4.2":
  "version" "2.10.0"
  dependencies:
    "buffer-crc32" "~0.2.3"
    "fd-slicer" "~1.1.0"
